
Microsoft Visual Studio Solution File, Format Version 12.00
# Visual Studio Version 16
VisualStudioVersion = 16.0.30621.155
MinimumVisualStudioVersion = 10.0.40219.1
Project("{8BC9CEB8-8B4A-11D0-8D11-00A0C91BC942}") = "OOP - Classes and attributes", "OOP - Classes and attributes.vcxproj", "{F4C094F1-B483-41CF-AADD-C856A473B072}"
EndProject
Global
	GlobalSection(SolutionConfigurationPlatforms) = preSolution
		Debug|x64 = Debug|x64
		Debug|x86 = Debug|x86
		Release|x64 = Release|x64
		Release|x86 = Release|x86
	EndGlobalSection
	GlobalSection(ProjectConfigurationPlatforms) = postSolution
		{F4C094F1-B483-41CF-AADD-C856A473B072}.Debug|x64.ActiveCfg = Debug|x64
		{F4C094F1-B483-41CF-AADD-C856A473B072}.Debug|x64.Build.0 = Debug|x64
		{F4C094F1-B483-41CF-AADD-C856A473B072}.Debug|x86.ActiveCfg = Debug|Win32
		{F4C094F1-B483-41CF-AADD-C856A473B072}.Debug|x86.Build.0 = Debug|Win32
		{F4C094F1-B483-41CF-AADD-C856A473B072}.Release|x64.ActiveCfg = Release|x64
		{F4C094F1-B483-41CF-AADD-C856A473B072}.Release|x64.Build.0 = Release|x64
		{F4C094F1-B483-41CF-AADD-C856A473B072}.Release|x86.ActiveCfg = Release|Win32
		{F4C094F1-B483-41CF-AADD-C856A473B072}.Release|x86.Build.0 = Release|Win32
	EndGlobalSection
	GlobalSection(SolutionProperties) = preSolution
		HideSolutionNode = FALSE
	EndGlobalSection
	GlobalSection(ExtensibilityGlobals) = postSolution
		SolutionGuid = {F3146BE7-17A7-4C95-AA9E-831BD2A4E665}
	EndGlobalSection
EndGlobal
